
Microsoft Visual Studio Solution File, Format Version 12.00
# Visual Studio 15
VisualStudioVersion = 15.0.28307.271
MinimumVisualStudioVersion = 10.0.40219.1
Project("{FAE04EC0-301F-11D3-BF4B-00C04F79EFBC}") = "BluetoothSearcher", "BluetoothSearcher\BluetoothSearcher\BluetoothSearcher.csproj", "{466D55BA-FD80-4A17-8A63-91A7CC69C702}"
EndProject
Project("{FAE04EC0-301F-11D3-BF4B-00C04F79EFBC}") = "BluetoothSearcher.Android", "BluetoothSearcher\BluetoothSearcher.Android\BluetoothSearcher.Android.csproj", "{F965E115-E7F1-4B00-9F78-B2C291A63DAA}"
EndProject
Global
	GlobalSection(SolutionConfigurationPlatforms) = preSolution
		Debug|Any CPU = Debug|Any CPU
		Release|Any CPU = Release|Any CPU
	EndGlobalSection
	GlobalSection(ProjectConfigurationPlatforms) = postSolution
		{466D55BA-FD80-4A17-8A63-91A7CC69C702}.Debug|Any CPU.ActiveCfg = Debug|Any CPU
		{466D55BA-FD80-4A17-8A63-91A7CC69C702}.Debug|Any CPU.Build.0 = Debug|Any CPU
		{466D55BA-FD80-4A17-8A63-91A7CC69C702}.Release|Any CPU.ActiveCfg = Release|Any CPU
		{466D55BA-FD80-4A17-8A63-91A7CC69C702}.Release|Any CPU.Build.0 = Release|Any CPU
		{F965E115-E7F1-4B00-9F78-B2C291A63DAA}.Debug|Any CPU.ActiveCfg = Debug|Any CPU
		{F965E115-E7F1-4B00-9F78-B2C291A63DAA}.Debug|Any CPU.Build.0 = Debug|Any CPU
		{F965E115-E7F1-4B00-9F78-B2C291A63DAA}.Debug|Any CPU.Deploy.0 = Debug|Any CPU
		{F965E115-E7F1-4B00-9F78-B2C291A63DAA}.Release|Any CPU.ActiveCfg = Release|Any CPU
		{F965E115-E7F1-4B00-9F78-B2C291A63DAA}.Release|Any CPU.Build.0 = Release|Any CPU
		{F965E115-E7F1-4B00-9F78-B2C291A63DAA}.Release|Any CPU.Deploy.0 = Release|Any CPU
	EndGlobalSection
	GlobalSection(SolutionProperties) = preSolution
		HideSolutionNode = FALSE
	EndGlobalSection
	GlobalSection(ExtensibilityGlobals) = postSolution
		SolutionGuid = {63DCA953-C6DE-4685-A9F8-7BC3D9AB176C}
	EndGlobalSection
EndGlobal
